
Microsoft Visual Studio Solution File, Format Version 12.00
# Visual Studio Version 17
VisualStudioVersion = 17.6.33723.286
MinimumVisualStudioVersion = 10.0.40219.1
Project("{FAE04EC0-301F-11D3-BF4B-00C04F79EFBC}") = "LayoutTemplate", "LayoutTemplate\LayoutTemplate.csproj", "{82B41109-01F9-49AC-9A83-764910820AB0}"
EndProject
Global
	GlobalSection(SolutionConfigurationPlatforms) = preSolution
		Debug|Any CPU = Debug|Any CPU
		Release|Any CPU = Release|Any CPU
	EndGlobalSection
	GlobalSection(ProjectConfigurationPlatforms) = postSolution
		{82B41109-01F9-49AC-9A83-764910820AB0}.Debug|Any CPU.ActiveCfg = Debug|Any CPU
		{82B41109-01F9-49AC-9A83-764910820AB0}.Debug|Any CPU.Build.0 = Debug|Any CPU
		{82B41109-01F9-49AC-9A83-764910820AB0}.Release|Any CPU.ActiveCfg = Release|Any CPU
		{82B41109-01F9-49AC-9A83-764910820AB0}.Release|Any CPU.Build.0 = Release|Any CPU
	EndGlobalSection
	GlobalSection(SolutionProperties) = preSolution
		HideSolutionNode = FALSE
	EndGlobalSection
	GlobalSection(ExtensibilityGlobals) = postSolution
		SolutionGuid = {0AF41359-F43A-4143-822D-5F50EF6BAC97}
	EndGlobalSection
EndGlobal
